{
  "name": "exif-edit",
  "version": "1.0.0",
  "lockfileVersion": 1,
  "requires": true,
  "dependencies": {
    "catchment": {
      "version": "1.0.0",
      "resolved": "https://registry.npmjs.org/catchment/-/catchment-1.0.0.tgz",
      "integrity": "sha1-MGH3G+AQJxC+hDKNL5Q2OhZfjEs="
    },
    "is-stream": {
      "version": "1.1.0",
      "resolved": "https://registry.npmjs.org/is-stream/-/is-stream-1.1.0.tgz",
      "integrity": "sha1-EtSj3U5o4Lec6428hBc66A2RykQ="
    },
    "makepromise": {
      "version": "1.0.0",
      "resolved": "https://registry.npmjs.org/makepromise/-/makepromise-1.0.0.tgz",
      "integrity": "sha1-vGu2o+Bv1wbfUcKSO2k2+r1wqn8="
    },
    "node-exiftool": {
      "version": "2.3.0",
      "resolved": "https://registry.npmjs.org/node-exiftool/-/node-exiftool-2.3.0.tgz",
      "integrity": "sha1-1RQtNN5vFoO0ZVGYtkjn4+5ugKw=",
      "requires": {
        "is-stream": "1.1.0",
        "restream": "1.2.0",
        "wrote": "0.6.1"
      }
    },
    "restream": {
      "version": "1.2.0",
      "resolved": "https://registry.npmjs.org/restream/-/restream-1.2.0.tgz",
      "integrity": "sha1-/ROwMaVOgMxl0YeMQxSfGzpA77s="
    },
    "wrote": {
      "version": "0.6.1",
      "resolved": "https://registry.npmjs.org/wrote/-/wrote-0.6.1.tgz",
      "integrity": "sha1-7/Ee/dbxhCSnC66i30Mirzdbj74=",
      "requires": {
        "catchment": "1.0.0",
        "makepromise": "1.0.0"
      }
    }
  }
}
